<?xml version="1.0" encoding="utf-8"?>
<Project ToolsVersion="4.0" xmlns="http://schemas.microsoft.com/developer/msbuild/2003">
  <ItemGroup>
    <Filter Include="src">
      <UniqueIdentifier>{4af6ffd5-1cfb-4b3c-88fb-df1142ea8341}</UniqueIdentifier>
    </Filter>
    <Filter Include="include">
      <UniqueIdentifier>{81a9801e-16f2-4156-8afb-13cab308e6ca}</UniqueIdentifier>
    </Filter>
  </ItemGroup>
  <ItemGroup>
    <ClCompile Include="src\CubeSpawner.cpp">
      <Filter>src</Filter>
    </ClCompile>
    <ClCompile Include="src\App.cpp">
      <Filter>src</Filter>
    </ClCompile>
  </ItemGroup>
  <ItemGroup>
    <ClInclude Include="include\CubeSpawner.h">
      <Filter>include</Filter>
    </ClInclude>
  </ItemGroup>
</Project>